// !$*UTF8*$!
{
	archiveVersion = 1;
	classes = {
	};
	objectVersion = 46;
	objects = {

/* Begin PBXBuildFile section */
		C3D411813853A7A77027702A /* Pods_NGTProgressView.framework in Frameworks */ = {isa = PBXBuildFile; fileRef = C9904F8BDA235BE79AAF34B2 /* Pods_NGTProgressView.framework */; };
		FEDD42DF1E1CD26B00BB780F /* NGTProgressView.swift in Sources */ = {isa = PBXBuildFile; fileRef = FEDD42DE1E1CD26B00BB780F /* NGTProgressView.swift */; };
		FEEFF4911E1B90B2006C16F5 /* NGTProgressView.h in Headers */ = {isa = PBXBuildFile; fileRef = FEEFF48F1E1B90B2006C16F5 /* NGTProgressView.h */; settings = {ATTRIBUTES = (Public, ); }; };
		FEEFF49A1E1B9A93006C16F5 /* NGTProgressView.xib in Resources */ = {isa = PBXBuildFile; fileRef = FEEFF4991E1B9A93006C16F5 /* NGTProgressView.xib */; };
		FEEFF49F1E1B9B58006C16F5 /* car.png in Resources */ = {isa = PBXBuildFile; fileRef = FEEFF49E1E1B9B58006C16F5 /* car.png */; };
		FEEFF4A11E1B9B69006C16F5 /* city.png in Resources */ = {isa = PBXBuildFile; fileRef = FEEFF4A01E1B9B69006C16F5 /* city.png */; };
		FEEFF4A31E1B9B71006C16F5 /* signboard.png in Resources */ = {isa = PBXBuildFile; fileRef = FEEFF4A21E1B9B71006C16F5 /* signboard.png */; };
		FEEFF4A51E1B9B7A006C16F5 /* sun.png in Resources */ = {isa = PBXBuildFile; fileRef = FEEFF4A41E1B9B7A006C16F5 /* sun.png */; };
/* End PBXBuildFile section */

/* Begin PBXFileReference section */
		2E2D7E87FC1A211AE402B3A3 /* Pods-NGTProgressView.release.xcconfig */ = {isa = PBXFileReference; includeInIndex = 1; lastKnownFileType = text.xcconfig; name = "Pods-NGTProgressView.release.xcconfig"; path = "Pods/Target Support Files/Pods-NGTProgressView/Pods-NGTProgressView.release.xcconfig"; sourceTree = "<group>"; };
		C9904F8BDA235BE79AAF34B2 /* Pods_NGTProgressView.framework */ = {isa = PBXFileReference; explicitFileType = wrapper.framework; includeInIndex = 0; path = Pods_NGTProgressView.framework; sourceTree = BUILT_PRODUCTS_DIR; };
		EE4CA0F53BB2B748BD07BDFA /* Pods-NGTProgressView.debug.xcconfig */ = {isa = PBXFileReference; includeInIndex = 1; lastKnownFileType = text.xcconfig; name = "Pods-NGTProgressView.debug.xcconfig"; path = "Pods/Target Support Files/Pods-NGTProgressView/Pods-NGTProgressView.debug.xcconfig"; sourceTree = "<group>"; };
		FEDD42DE1E1CD26B00BB780F /* NGTProgressView.swift */ = {isa = PBXFileReference; fileEncoding = 4; lastKnownFileType = sourcecode.swift; path = NGTProgressView.swift; sourceTree = "<group>"; };
		FEEFF48C1E1B90B2006C16F5 /* NGTProgressView.framework */ = {isa = PBXFileReference; explicitFileType = wrapper.framework; includeInIndex = 0; path = NGTProgressView.framework; sourceTree = BUILT_PRODUCTS_DIR; };
		FEEFF48F1E1B90B2006C16F5 /* NGTProgressView.h */ = {isa = PBXFileReference; lastKnownFileType = sourcecode.c.h; path = NGTProgressView.h; sourceTree = "<group>"; };
		FEEFF4901E1B90B2006C16F5 /* Info.plist */ = {isa = PBXFileReference; lastKnownFileType = text.plist.xml; path = Info.plist; sourceTree = "<group>"; };
		FEEFF4991E1B9A93006C16F5 /* NGTProgressView.xib */ = {isa = PBXFileReference; fileEncoding = 4; lastKnownFileType = file.xib; path = NGTProgressView.xib; sourceTree = "<group>"; };
		FEEFF49E1E1B9B58006C16F5 /* car.png */ = {isa = PBXFileReference; lastKnownFileType = image.png; path = car.png; sourceTree = "<group>"; };
		FEEFF4A01E1B9B69006C16F5 /* city.png */ = {isa = PBXFileReference; lastKnownFileType = image.png; path = city.png; sourceTree = "<group>"; };
		FEEFF4A21E1B9B71006C16F5 /* signboard.png */ = {isa = PBXFileReference; lastKnownFileType = image.png; path = signboard.png; sourceTree = "<group>"; };
		FEEFF4A41E1B9B7A006C16F5 /* sun.png */ = {isa = PBXFileReference; lastKnownFileType = image.png; path = sun.png; sourceTree = "<group>"; };
/* End PBXFileReference section */

/* Begin PBXFrameworksBuildPhase section */
		FEEFF4881E1B90B2006C16F5 /* Frameworks */ = {
			isa = PBXFrameworksBuildPhase;
			buildActionMask = 2147483647;
			files = (
				C3D411813853A7A77027702A /* Pods_NGTProgressView.framework in Frameworks */,
			);
			runOnlyForDeploymentPostprocessing = 0;
		};
/* End PBXFrameworksBuildPhase section */

/* Begin PBXGroup section */
		B6EB6D3B6DB48E20E418C3B0 /* Pods */ = {
			isa = PBXGroup;
			children = (
				EE4CA0F53BB2B748BD07BDFA /* Pods-NGTProgressView.debug.xcconfig */,
				2E2D7E87FC1A211AE402B3A3 /* Pods-NGTProgressView.release.xcconfig */,
			);
			name = Pods;
			sourceTree = "<group>";
		};
		C8E10C21267EEB72D58CF860 /* Frameworks */ = {
			isa = PBXGroup;
			children = (
				C9904F8BDA235BE79AAF34B2 /* Pods_NGTProgressView.framework */,
			);
			name = Frameworks;
			sourceTree = "<group>";
		};
		FEEFF4821E1B90B2006C16F5 = {
			isa = PBXGroup;
			children = (
				FEEFF48E1E1B90B2006C16F5 /* NGTProgressView */,
				FEEFF48D1E1B90B2006C16F5 /* Products */,
				B6EB6D3B6DB48E20E418C3B0 /* Pods */,
				C8E10C21267EEB72D58CF860 /* Frameworks */,
			);
			sourceTree = "<group>";
		};
		FEEFF48D1E1B90B2006C16F5 /* Products */ = {
			isa = PBXGroup;
			children = (
				FEEFF48C1E1B90B2006C16F5 /* NGTProgressView.framework */,
			);
			name = Products;
			sourceTree = "<group>";
		};
		FEEFF48E1E1B90B2006C16F5 /* NGTProgressView */ = {
			isa = PBXGroup;
			children = (
				FEEFF49D1E1B9B27006C16F5 /* Resources */,
				FEEFF4981E1B9A5C006C16F5 /* Controllers */,
				FEEFF4971E1B9A55006C16F5 /* Views */,
				FEEFF48F1E1B90B2006C16F5 /* NGTProgressView.h */,
				FEEFF4901E1B90B2006C16F5 /* Info.plist */,
			);
			path = NGTProgressView;
			sourceTree = "<group>";
		};
		FEEFF4971E1B9A55006C16F5 /* Views */ = {
			isa = PBXGroup;
			children = (
				FEEFF4991E1B9A93006C16F5 /* NGTProgressView.xib */,
			);
			name = Views;
			sourceTree = "<group>";
		};
		FEEFF4981E1B9A5C006C16F5 /* Controllers */ = {
			isa = PBXGroup;
			children = (
				FEDD42DE1E1CD26B00BB780F /* NGTProgressView.swift */,
			);
			name = Controllers;
			sourceTree = "<group>";
		};
		FEEFF49D1E1B9B27006C16F5 /* Resources */ = {
			isa = PBXGroup;
			children = (
				FEEFF49E1E1B9B58006C16F5 /* car.png */,
				FEEFF4A01E1B9B69006C16F5 /* city.png */,
				FEEFF4A21E1B9B71006C16F5 /* signboard.png */,
				FEEFF4A41E1B9B7A006C16F5 /* sun.png */,
			);
			name = Resources;
			sourceTree = "<group>";
		};
/* End PBXGroup section */

/* Begin PBXHeadersBuildPhase section */
		FEEFF4891E1B90B2006C16F5 /* Headers */ = {
			isa = PBXHeadersBuildPhase;
			buildActionMask = 2147483647;
			files = (
				FEEFF4911E1B90B2006C16F5 /* NGTProgressView.h in Headers */,
			);
			runOnlyForDeploymentPostprocessing = 0;
		};
/* End PBXHeadersBuildPhase section */

/* Begin PBXNativeTarget section */
		FEEFF48B1E1B90B2006C16F5 /* NGTProgressView */ = {
			isa = PBXNativeTarget;
			buildConfigurationList = FEEFF4941E1B90B2006C16F5 /* Build configuration list for PBXNativeTarget "NGTProgressView" */;
			buildPhases = (
				2B1675B27C91F9C46624890F /* [CP] Check Pods Manifest.lock */,
				FEEFF4871E1B90B2006C16F5 /* Sources */,
				FEEFF4881E1B90B2006C16F5 /* Frameworks */,
				FEEFF4891E1B90B2006C16F5 /* Headers */,
				FEEFF48A1E1B90B2006C16F5 /* Resources */,
				08CF3B425B9C6244F024EE0B /* [CP] Copy Pods Resources */,
			);
			buildRules = (
			);
			dependencies = (
			);
			name = NGTProgressView;
			productName = NGTProgressView;
			productReference = FEEFF48C1E1B90B2006C16F5 /* NGTProgressView.framework */;
			productType = "com.apple.product-type.framework";
		};
/* End PBXNativeTarget section */

/* Begin PBXProject section */
		FEEFF4831E1B90B2006C16F5 /* Project object */ = {
			isa = PBXProject;
			attributes = {
				LastUpgradeCheck = 0810;
				ORGANIZATIONNAME = "Naveen George Thoppan";
				TargetAttributes = {
					FEEFF48B1E1B90B2006C16F5 = {
						CreatedOnToolsVersion = 8.1;
						LastSwiftMigration = 0810;
						ProvisioningStyle = Automatic;
					};
				};
			};
			buildConfigurationList = FEEFF4861E1B90B2006C16F5 /* Build configuration list for PBXProject "NGTProgressView" */;
			compatibilityVersion = "Xcode 3.2";
			developmentRegion = English;
			hasScannedForEncodings = 0;
			knownRegions = (
				en,
			);
			mainGroup = FEEFF4821E1B90B2006C16F5;
			productRefGroup = FEEFF48D1E1B90B2006C16F5 /* Products */;
			projectDirPath = "";
			projectRoot = "";
			targets = (
				FEEFF48B1E1B90B2006C16F5 /* NGTProgressView */,
			);
		};
/* End PBXProject section */

/* Begin PBXResourcesBuildPhase section */
		FEEFF48A1E1B90B2006C16F5 /* Resources */ = {
			isa = PBXResourcesBuildPhase;
			buildActionMask = 2147483647;
			files = (
				FEEFF49F1E1B9B58006C16F5 /* car.png in Resources */,
				FEEFF4A31E1B9B71006C16F5 /* signboard.png in Resources */,
				FEEFF4A51E1B9B7A006C16F5 /* sun.png in Resources */,
				FEEFF49A1E1B9A93006C16F5 /* NGTProgressView.xib in Resources */,
				FEEFF4A11E1B9B69006C16F5 /* city.png in Resources */,
			);
			runOnlyForDeploymentPostprocessing = 0;
		};
/* End PBXResourcesBuildPhase section */

/* Begin PBXShellScriptBuildPhase section */
		08CF3B425B9C6244F024EE0B /* [CP] Copy Pods Resources */ = {
			isa = PBXShellScriptBuildPhase;
			buildActionMask = 2147483647;
			files = (
			);
			inputPaths = (
			);
			name = "[CP] Copy Pods Resources";
			outputPaths = (
			);
			runOnlyForDeploymentPostprocessing = 0;
			shellPath = /bin/sh;
			shellScript = "\"${SRCROOT}/Pods/Target Support Files/Pods-NGTProgressView/Pods-NGTProgressView-resources.sh\"\n";
			showEnvVarsInLog = 0;
		};
		2B1675B27C91F9C46624890F /* [CP] Check Pods Manifest.lock */ = {
			isa = PBXShellScriptBuildPhase;
			buildActionMask = 2147483647;
			files = (
			);
			inputPaths = (
			);
			name = "[CP] Check Pods Manifest.lock";
			outputPaths = (
			);
			runOnlyForDeploymentPostprocessing = 0;
			shellPath = /bin/sh;
			shellScript = "diff \"${PODS_ROOT}/../Podfile.lock\" \"${PODS_ROOT}/Manifest.lock\" > /dev/null\nif [ $? != 0 ] ; then\n    # print error to STDERR\n    echo \"error: The sandbox is not in sync with the Podfile.lock. Run 'pod install' or update your CocoaPods installation.\" >&2\n    exit 1\nfi\n";
			showEnvVarsInLog = 0;
		};
/* End PBXShellScriptBuildPhase section */

/* Begin PBXSourcesBuildPhase section */
		FEEFF4871E1B90B2006C16F5 /* Sources */ = {
			isa = PBXSourcesBuildPhase;
			buildActionMask = 2147483647;
			files = (
				FEDD42DF1E1CD26B00BB780F /* NGTProgressView.swift in Sources */,
			);
			runOnlyForDeploymentPostprocessing = 0;
		};
/* End PBXSourcesBuildPhase section */

/* Begin XCBuildConfiguration section */
		FEEFF4921E1B90B2006C16F5 /* Debug */ = {
			isa = XCBuildConfiguration;
			buildSettings = {
				ALWAYS_SEARCH_USER_PATHS = NO;
				CLANG_ANALYZER_NONNULL = YES;
				CLANG_CXX_LANGUAGE_STANDARD = "gnu++0x";
				CLANG_CXX_LIBRARY = "libc++";
				CLANG_ENABLE_MODULES = YES;
				CLANG_ENABLE_OBJC_ARC = YES;
				CLANG_WARN_BOOL_CONVERSION = YES;
				CLANG_WARN_CONSTANT_CONVERSION = YES;
				CLANG_WARN_DIRECT_OBJC_ISA_USAGE = YES_ERROR;
				CLANG_WARN_DOCUMENTATION_COMMENTS = YES;
				CLANG_WARN_EMPTY_BODY = YES;
				CLANG_WARN_ENUM_CONVERSION = YES;
				CLANG_WARN_INFINITE_RECURSION = YES;
				CLANG_WARN_INT_CONVERSION = YES;
				CLANG_WARN_OBJC_ROOT_CLASS = YES_ERROR;
				CLANG_WARN_SUSPICIOUS_MOVES = YES;
				CLANG_WARN_UNREACHABLE_CODE = YES;
				CLANG_WARN__DUPLICATE_METHOD_MATCH = YES;
				"CODE_SIGN_IDENTITY[sdk=iphoneos*]" = "iPhone Developer";
				COPY_PHASE_STRIP = NO;
				CURRENT_PROJECT_VERSION = 1;
				DEBUG_INFORMATION_FORMAT = dwarf;
				ENABLE_STRICT_OBJC_MSGSEND = YES;
				ENABLE_TESTABILITY = YES;
				GCC_C_LANGUAGE_STANDARD = gnu99;
				GCC_DYNAMIC_NO_PIC = NO;
				GCC_NO_COMMON_BLOCKS = YES;
				GCC_OPTIMIZATION_LEVEL = 0;
				GCC_PREPROCESSOR_DEFINITIONS = (
					"DEBUG=1",
					"$(inherited)",
				);
				GCC_WARN_64_TO_32_BIT_CONVERSION = YES;
				GCC_WARN_ABOUT_RETURN_TYPE = YES_ERROR;
				GCC_WARN_UNDECLARED_SELECTOR = YES;
				GCC_WARN_UNINITIALIZED_AUTOS = YES_AGGRESSIVE;
				GCC_WARN_UNUSED_FUNCTION = YES;
				GCC_WARN_UNUSED_VARIABLE = YES;
				IPHONEOS_DEPLOYMENT_TARGET = 10.1;
				MTL_ENABLE_DEBUG_INFO = YES;
				ONLY_ACTIVE_ARCH = YES;
				SDKROOT = iphoneos;
				SWIFT_ACTIVE_COMPILATION_CONDITIONS = DEBUG;
				SWIFT_OPTIMIZATION_LEVEL = "-Onone";
				TARGETED_DEVICE_FAMILY = "1,2";
				VERSIONING_SYSTEM = "apple-generic";
				VERSION_INFO_PREFIX = "";
			};
			name = Debug;
		};
		FEEFF4931E1B90B2006C16F5 /* Release */ = {
			isa = XCBuildConfiguration;
			buildSettings = {
				ALWAYS_SEARCH_USER_PATHS = NO;
				CLANG_ANALYZER_NONNULL = YES;
				CLANG_CXX_LANGUAGE_STANDARD = "gnu++0x";
				CLANG_CXX_LIBRARY = "libc++";
				CLANG_ENABLE_MODULES = YES;
				CLANG_ENABLE_OBJC_ARC = YES;
				CLANG_WARN_BOOL_CONVERSION = YES;
				CLANG_WARN_CONSTANT_CONVERSION = YES;
				CLANG_WARN_DIRECT_OBJC_ISA_USAGE = YES_ERROR;
				CLANG_WARN_DOCUMENTATION_COMMENTS = YES;
				CLANG_WARN_EMPTY_BODY = YES;
				CLANG_WARN_ENUM_CONVERSION = YES;
				CLANG_WARN_INFINITE_RECURSION = YES;
				CLANG_WARN_INT_CONVERSION = YES;
				CLANG_WARN_OBJC_ROOT_CLASS = YES_ERROR;
				CLANG_WARN_SUSPICIOUS_MOVES = YES;
				CLANG_WARN_UNREACHABLE_CODE = YES;
				CLANG_WARN__DUPLICATE_METHOD_MATCH = YES;
				"CODE_SIGN_IDENTITY[sdk=iphoneos*]" = "iPhone Developer";
				COPY_PHASE_STRIP = NO;
				CURRENT_PROJECT_VERSION = 1;
				DEBUG_INFORMATION_FORMAT = "dwarf-with-dsym";
				ENABLE_NS_ASSERTIONS = NO;
				ENABLE_STRICT_OBJC_MSGSEND = YES;
				GCC_C_LANGUAGE_STANDARD = gnu99;
				GCC_NO_COMMON_BLOCKS = YES;
				GCC_WARN_64_TO_32_BIT_CONVERSION = YES;
				GCC_WARN_ABOUT_RETURN_TYPE = YES_ERROR;
				GCC_WARN_UNDECLARED_SELECTOR = YES;
				GCC_WARN_UNINITIALIZED_AUTOS = YES_AGGRESSIVE;
				GCC_WARN_UNUSED_FUNCTION = YES;
				GCC_WARN_UNUSED_VARIABLE = YES;
				IPHONEOS_DEPLOYMENT_TARGET = 10.1;
				MTL_ENABLE_DEBUG_INFO = NO;
				SDKROOT = iphoneos;
				SWIFT_OPTIMIZATION_LEVEL = "-Owholemodule";
				TARGETED_DEVICE_FAMILY = "1,2";
				VALIDATE_PRODUCT = YES;
				VERSIONING_SYSTEM = "apple-generic";
				VERSION_INFO_PREFIX = "";
			};
			name = Release;
		};
		FEEFF4951E1B90B2006C16F5 /* Debug */ = {
			isa = XCBuildConfiguration;
			baseConfigurationReference = EE4CA0F53BB2B748BD07BDFA /* Pods-NGTProgressView.debug.xcconfig */;
			buildSettings = {
				CLANG_ENABLE_MODULES = YES;
				CODE_SIGN_IDENTITY = "";
				DEFINES_MODULE = YES;
				DYLIB_COMPATIBILITY_VERSION = 1;
				DYLIB_CURRENT_VERSION = 1;
				DYLIB_INSTALL_NAME_BASE = "@rpath";
				INFOPLIST_FILE = NGTProgressView/Info.plist;
				INSTALL_PATH = "$(LOCAL_LIBRARY_DIR)/Frameworks";
				LD_RUNPATH_SEARCH_PATHS = "$(inherited) @executable_path/Frameworks @loader_path/Frameworks";
				PRODUCT_BUNDLE_IDENTIFIER = com.thoppan.NGTProgressView;
				PRODUCT_NAME = "$(TARGET_NAME)";
				SKIP_INSTALL = YES;
				SWIFT_OPTIMIZATION_LEVEL = "-Onone";
				SWIFT_VERSION = 3.0;
			};
			name = Debug;
		};
		FEEFF4961E1B90B2006C16F5 /* Release */ = {
			isa = XCBuildConfiguration;
			baseConfigurationReference = 2E2D7E87FC1A211AE402B3A3 /* Pods-NGTProgressView.release.xcconfig */;
			buildSettings = {
				CLANG_ENABLE_MODULES = YES;
				CODE_SIGN_IDENTITY = "";
				DEFINES_MODULE = YES;
				DYLIB_COMPATIBILITY_VERSION = 1;
				DYLIB_CURRENT_VERSION = 1;
				DYLIB_INSTALL_NAME_BASE = "@rpath";
				INFOPLIST_FILE = NGTProgressView/Info.plist;
				INSTALL_PATH = "$(LOCAL_LIBRARY_DIR)/Frameworks";
				LD_RUNPATH_SEARCH_PATHS = "$(inherited) @executable_path/Frameworks @loader_path/Frameworks";
				PRODUCT_BUNDLE_IDENTIFIER = com.thoppan.NGTProgressView;
				PRODUCT_NAME = "$(TARGET_NAME)";
				SKIP_INSTALL = YES;
				SWIFT_VERSION = 3.0;
			};
			name = Release;
		};
/* End XCBuildConfiguration section */

/* Begin XCConfigurationList section */
		FEEFF4861E1B90B2006C16F5 /* Build configuration list for PBXProject "NGTProgressView" */ = {
			isa = XCConfigurationList;
			buildConfigurations = (
				FEEFF4921E1B90B2006C16F5 /* Debug */,
				FEEFF4931E1B90B2006C16F5 /* Release */,
			);
			defaultConfigurationIsVisible = 0;
			defaultConfigurationName = Release;
		};
		FEEFF4941E1B90B2006C16F5 /* Build configuration list for PBXNativeTarget "NGTProgressView" */ = {
			isa = XCConfigurationList;
			buildConfigurations = (
				FEEFF4951E1B90B2006C16F5 /* Debug */,
				FEEFF4961E1B90B2006C16F5 /* Release */,
			);
			defaultConfigurationIsVisible = 0;
			defaultConfigurationName = Release;
		};
/* End XCConfigurationList section */
	};
	rootObject = FEEFF4831E1B90B2006C16F5 /* Project object */;
}
